{
    "_readme": [
        "This file locks the dependencies of your project to a known state",
        "Read more about it at https://getcomposer.org/doc/01-basic-usage.md#composer-lock-the-lock-file",
        "This file is @generated automatically"
    ],
    "content-hash": "c0271e9a6a3a30cc706b1de265b3e3fd",
    "packages": [
        {
            "name": "rayful/url",
            "version": "1.0.2",
            "source": {
                "type": "git",
                "url": "https://github.com/rayful/URL.git",
                "reference": "cee5a135a91ce7a35ec43fd81c568803728badb9"
            },
            "dist": {
                "type": "zip",
                "url": "https://files.phpcomposer.com/files/rayful/URL/cee5a135a91ce7a35ec43fd81c568803728badb9.zip",
                "reference": "cee5a135a91ce7a35ec43fd81c568803728badb9",
                "shasum": ""
            },
            "type": "library",
            "autoload": {
                "classmap": [
                    "URL.php"
                ]
            },
            "notification-url": "https://packagist.org/downloads/",
            "license": [
                "MIT"
            ],
            "authors": [
                {
                    "name": "Kingmax Yang",
                    "email": "kingmaxyang@gmail.com"
                }
            ],
            "description": "A URL operation Class, including set query, get query, parse query, get domain and so on.",
            "keywords": [
                "auto get current URL",
                "encode full URL",
                "get URL domain",
                "get query",
                "set query",
                "url"
            ],
            "time": "2016-04-29T07:54:04+00:00"
        }
    ],
    "packages-dev": [],
    "aliases": [],
    "minimum-stability": "stable",
    "stability-flags": [],
    "prefer-stable": false,
    "prefer-lowest": false,
    "platform": [],
    "platform-dev": []
}
