{
    "_readme": [
        "This file locks the dependencies of your project to a known state",
        "Read more about it at https://getcomposer.org/doc/01-basic-usage.md#composer-lock-the-lock-file",
        "This file is @generated automatically"
    ],
    "hash": "ce42f4938bc3223b1a495e9c8b496d4d",
    "content-hash": "99ebed1174f06b13318329a03e54f5e9",
    "packages": [
        {
            "name": "rayful/url",
            "version": "1.0.0",
            "source": {
                "type": "git",
                "url": "https://github.com/rayful/URL.git",
                "reference": "da13acfef0d208238774fc4d4d316371d9689eb2"
            },
            "dist": {
                "type": "zip",
                "url": "https://api.github.com/repos/rayful/URL/zipball/da13acfef0d208238774fc4d4d316371d9689eb2",
                "reference": "da13acfef0d208238774fc4d4d316371d9689eb2",
                "shasum": ""
            },
            "type": "library",
            "autoload": {
                "classmap": [
                    "URL.php"
                ]
            },
            "notification-url": "https://packagist.org/downloads/",
            "license": [
                "MIT"
            ],
            "authors": [
                {
                    "name": "Kingmax Yang",
                    "email": "kingmaxyang@gmail.com"
                }
            ],
            "description": "A URL operation Class, including set query, get query, parse query, get domain and so on.",
            "keywords": [
                "auto get current URL",
                "encode full URL",
                "get URL domain",
                "get query",
                "set query",
                "url"
            ],
            "time": "2016-04-22 01:52:14"
        }
    ],
    "packages-dev": [],
    "aliases": [],
    "minimum-stability": "stable",
    "stability-flags": [],
    "prefer-stable": false,
    "prefer-lowest": false,
    "platform": [],
    "platform-dev": []
}
